
Microsoft Visual Studio Solution File, Format Version 12.00
# Visual Studio Version 16
VisualStudioVersion = 16.0.33027.164
MinimumVisualStudioVersion = 10.0.40219.1
Project("{9A19103F-16F7-4668-BE54-9A1E7A4F7556}") = "AdventCode2022.Tests", "AdventCode2022.Tests\AdventCode2022.Tests.csproj", "{EE198954-3C37-4144-B6B4-07E117186F6A}"
EndProject
Project("{9A19103F-16F7-4668-BE54-9A1E7A4F7556}") = "AdventCode2022.Puzzles", "AdventCode2022.Puzzles\AdventCode2022.Puzzles.csproj", "{38EEA83B-90B4-41E0-88FA-B5CF8044926C}"
EndProject
Global
	GlobalSection(SolutionConfigurationPlatforms) = preSolution
		Debug|Any CPU = Debug|Any CPU
		Release|Any CPU = Release|Any CPU
	EndGlobalSection
	GlobalSection(ProjectConfigurationPlatforms) = postSolution
		{EE198954-3C37-4144-B6B4-07E117186F6A}.Debug|Any CPU.ActiveCfg = Debug|Any CPU
		{EE198954-3C37-4144-B6B4-07E117186F6A}.Debug|Any CPU.Build.0 = Debug|Any CPU
		{EE198954-3C37-4144-B6B4-07E117186F6A}.Release|Any CPU.ActiveCfg = Release|Any CPU
		{EE198954-3C37-4144-B6B4-07E117186F6A}.Release|Any CPU.Build.0 = Release|Any CPU
		{38EEA83B-90B4-41E0-88FA-B5CF8044926C}.Debug|Any CPU.ActiveCfg = Debug|Any CPU
		{38EEA83B-90B4-41E0-88FA-B5CF8044926C}.Debug|Any CPU.Build.0 = Debug|Any CPU
		{38EEA83B-90B4-41E0-88FA-B5CF8044926C}.Release|Any CPU.ActiveCfg = Release|Any CPU
		{38EEA83B-90B4-41E0-88FA-B5CF8044926C}.Release|Any CPU.Build.0 = Release|Any CPU
	EndGlobalSection
	GlobalSection(SolutionProperties) = preSolution
		HideSolutionNode = FALSE
	EndGlobalSection
	GlobalSection(ExtensibilityGlobals) = postSolution
		SolutionGuid = {F47974A8-06F3-4F42-80E1-E25A23F55DB5}
	EndGlobalSection
EndGlobal
